
Microsoft Visual Studio Solution File, Format Version 12.00
# Visual Studio Version 16
VisualStudioVersion = 16.0.33801.447
MinimumVisualStudioVersion = 10.0.40219.1
Project("{FAE04EC0-301F-11D3-BF4B-00C04F79EFBC}") = "BankaTest", "BankaTest\BankaTest.csproj", "{9CCA257D-EB06-4520-AEA0-FF975BC61C04}"
EndProject
Global
	GlobalSection(SolutionConfigurationPlatforms) = preSolution
		Debug|Any CPU = Debug|Any CPU
		Release|Any CPU = Release|Any CPU
	EndGlobalSection
	GlobalSection(ProjectConfigurationPlatforms) = postSolution
		{9CCA257D-EB06-4520-AEA0-FF975BC61C04}.Debug|Any CPU.ActiveCfg = Debug|Any CPU
		{9CCA257D-EB06-4520-AEA0-FF975BC61C04}.Debug|Any CPU.Build.0 = Debug|Any CPU
		{9CCA257D-EB06-4520-AEA0-FF975BC61C04}.Release|Any CPU.ActiveCfg = Release|Any CPU
		{9CCA257D-EB06-4520-AEA0-FF975BC61C04}.Release|Any CPU.Build.0 = Release|Any CPU
	EndGlobalSection
	GlobalSection(SolutionProperties) = preSolution
		HideSolutionNode = FALSE
	EndGlobalSection
	GlobalSection(ExtensibilityGlobals) = postSolution
		SolutionGuid = {3F250C5A-B817-4AA9-ACFD-606F78C6C45B}
	EndGlobalSection
EndGlobal
